// !$*UTF8*$!
{
	archiveVersion = 1;
	classes = {
	};
	objectVersion = 50;
	objects = {

/* Begin PBXBuildFile section */
		2FDE4363244AFF223F003FD9 /* Pods_NetworkDrawing4VEngine.framework in Frameworks */ = {isa = PBXBuildFile; fileRef = 70BFA6312B7DD128EB6BE5AD /* Pods_NetworkDrawing4VEngine.framework */; };
		AC3A89862136C677001ADDDE /* DrawBoardViewModel.swift in Sources */ = {isa = PBXBuildFile; fileRef = AC3A897D2136C677001ADDDE /* DrawBoardViewModel.swift */; };
		AC3A89872136C677001ADDDE /* ViewController.swift in Sources */ = {isa = PBXBuildFile; fileRef = AC3A897E2136C677001ADDDE /* ViewController.swift */; };
		AC3A89882136C677001ADDDE /* DrawBoardViewFactory.swift in Sources */ = {isa = PBXBuildFile; fileRef = AC3A89802136C677001ADDDE /* DrawBoardViewFactory.swift */; };
		AC3A89892136C677001ADDDE /* DrawBoardViewController.swift in Sources */ = {isa = PBXBuildFile; fileRef = AC3A89822136C677001ADDDE /* DrawBoardViewController.swift */; };
		AC3A898A2136C677001ADDDE /* DrawBoardViewController.xib in Resources */ = {isa = PBXBuildFile; fileRef = AC3A89832136C677001ADDDE /* DrawBoardViewController.xib */; };
		AC3A898B2136C677001ADDDE /* DrawBoardViewPresenter.swift in Sources */ = {isa = PBXBuildFile; fileRef = AC3A89852136C677001ADDDE /* DrawBoardViewPresenter.swift */; };
		AC5338E12135211200D874C0 /* NetworkServer.swift in Sources */ = {isa = PBXBuildFile; fileRef = AC5338DE2135211200D874C0 /* NetworkServer.swift */; };
		AC5338E22135211200D874C0 /* NetworkClient.swift in Sources */ = {isa = PBXBuildFile; fileRef = AC5338DF2135211200D874C0 /* NetworkClient.swift */; };
		AC5338E32135211200D874C0 /* NetworkConfig.swift in Sources */ = {isa = PBXBuildFile; fileRef = AC5338E02135211200D874C0 /* NetworkConfig.swift */; };
		AC5338E521352F9D00D874C0 /* User.swift in Sources */ = {isa = PBXBuildFile; fileRef = AC5338E421352F9D00D874C0 /* User.swift */; };
		AC5338F02135A95000D874C0 /* SettingsViewModel.swift in Sources */ = {isa = PBXBuildFile; fileRef = AC5338E82135A95000D874C0 /* SettingsViewModel.swift */; };
		AC5338F12135A95000D874C0 /* SettingsViewFactory.swift in Sources */ = {isa = PBXBuildFile; fileRef = AC5338EA2135A95000D874C0 /* SettingsViewFactory.swift */; };
		AC5338F22135A95000D874C0 /* SettingsViewController.swift in Sources */ = {isa = PBXBuildFile; fileRef = AC5338EC2135A95000D874C0 /* SettingsViewController.swift */; };
		AC5338F32135A95100D874C0 /* SettingsViewController.xib in Resources */ = {isa = PBXBuildFile; fileRef = AC5338ED2135A95000D874C0 /* SettingsViewController.xib */; };
		AC5338F42135A95100D874C0 /* SettingsDetailsViewPresenter.swift in Sources */ = {isa = PBXBuildFile; fileRef = AC5338EF2135A95000D874C0 /* SettingsDetailsViewPresenter.swift */; };
		AC5338F62135AB6300D874C0 /* Settings.swift in Sources */ = {isa = PBXBuildFile; fileRef = AC5338F52135AB6300D874C0 /* Settings.swift */; };
		AC5338FB2136B24400D874C0 /* UIViewControllerExtension.swift in Sources */ = {isa = PBXBuildFile; fileRef = AC5338F92136B24400D874C0 /* UIViewControllerExtension.swift */; };
		AC5338FC2136B24400D874C0 /* UIView.swift in Sources */ = {isa = PBXBuildFile; fileRef = AC5338FA2136B24400D874C0 /* UIView.swift */; };
		AC5338FE2136B2A600D874C0 /* ScribblableView.swift in Sources */ = {isa = PBXBuildFile; fileRef = AC5338FD2136B2A600D874C0 /* ScribblableView.swift */; };
		AC5339002136B97400D874C0 /* Network.framework in Frameworks */ = {isa = PBXBuildFile; fileRef = AC5338FF2136B97400D874C0 /* Network.framework */; };
		AC7284F5213AAA070079EDA6 /* DrawBoardInteractor.swift in Sources */ = {isa = PBXBuildFile; fileRef = AC7284F4213AAA070079EDA6 /* DrawBoardInteractor.swift */; };
		ACCFB6C82134113C00C54430 /* AppDelegate.swift in Sources */ = {isa = PBXBuildFile; fileRef = ACCFB6C72134113C00C54430 /* AppDelegate.swift */; };
		ACCFB6CD2134113D00C54430 /* Main.storyboard in Resources */ = {isa = PBXBuildFile; fileRef = ACCFB6CB2134113D00C54430 /* Main.storyboard */; };
		ACCFB6CF2134113E00C54430 /* Assets.xcassets in Resources */ = {isa = PBXBuildFile; fileRef = ACCFB6CE2134113E00C54430 /* Assets.xcassets */; };
		ACCFB6D22134113E00C54430 /* LaunchScreen.storyboard in Resources */ = {isa = PBXBuildFile; fileRef = ACCFB6D02134113E00C54430 /* LaunchScreen.storyboard */; };
		ACCFB6DD2134113E00C54430 /* NetworkDrawing4VEngineTests.swift in Sources */ = {isa = PBXBuildFile; fileRef = ACCFB6DC2134113E00C54430 /* NetworkDrawing4VEngineTests.swift */; };
		ACCFB70121343B4B00C54430 /* DrawingRouter.swift in Sources */ = {isa = PBXBuildFile; fileRef = ACCFB6E721343B4B00C54430 /* DrawingRouter.swift */; };
		ACCFB7162134486A00C54430 /* Router.swift in Sources */ = {isa = PBXBuildFile; fileRef = ACCFB7142134486A00C54430 /* Router.swift */; };
		ACCFB7172134486A00C54430 /* ViewPresenter.swift in Sources */ = {isa = PBXBuildFile; fileRef = ACCFB7152134486A00C54430 /* ViewPresenter.swift */; };
		D2E59202CA30AFC62448B65E /* Pods_NetworkDrawing4VEngineTests.framework in Frameworks */ = {isa = PBXBuildFile; fileRef = FBBBFB66D8E1DA8FDC965626 /* Pods_NetworkDrawing4VEngineTests.framework */; };
/* End PBXBuildFile section */

/* Begin PBXContainerItemProxy section */
		ACCFB6D92134113E00C54430 /* PBXContainerItemProxy */ = {
			isa = PBXContainerItemProxy;
			containerPortal = ACCFB6BC2134113C00C54430 /* Project object */;
			proxyType = 1;
			remoteGlobalIDString = ACCFB6C32134113C00C54430;
			remoteInfo = NetworkDrawing4VEngine;
		};
/* End PBXContainerItemProxy section */

/* Begin PBXFileReference section */
		5E7BDA9F19BEB66134CBBF5C /* Pods-NetworkDrawing4VEngine.release.xcconfig */ = {isa = PBXFileReference; includeInIndex = 1; lastKnownFileType = text.xcconfig; name = "Pods-NetworkDrawing4VEngine.release.xcconfig"; path = "Pods/Target Support Files/Pods-NetworkDrawing4VEngine/Pods-NetworkDrawing4VEngine.release.xcconfig"; sourceTree = "<group>"; };
		70BFA6312B7DD128EB6BE5AD /* Pods_NetworkDrawing4VEngine.framework */ = {isa = PBXFileReference; explicitFileType = wrapper.framework; includeInIndex = 0; path = Pods_NetworkDrawing4VEngine.framework; sourceTree = BUILT_PRODUCTS_DIR; };
		76EAF53BE8758C176DEA3A4D /* Pods-NetworkDrawing4VEngineTests.release.xcconfig */ = {isa = PBXFileReference; includeInIndex = 1; lastKnownFileType = text.xcconfig; name = "Pods-NetworkDrawing4VEngineTests.release.xcconfig"; path = "Pods/Target Support Files/Pods-NetworkDrawing4VEngineTests/Pods-NetworkDrawing4VEngineTests.release.xcconfig"; sourceTree = "<group>"; };
		AC3A897D2136C677001ADDDE /* DrawBoardViewModel.swift */ = {isa = PBXFileReference; fileEncoding = 4; lastKnownFileType = sourcecode.swift; path = DrawBoardViewModel.swift; sourceTree = "<group>"; };
		AC3A897E2136C677001ADDDE /* ViewController.swift */ = {isa = PBXFileReference; fileEncoding = 4; lastKnownFileType = sourcecode.swift; path = ViewController.swift; sourceTree = "<group>"; };
		AC3A89802136C677001ADDDE /* DrawBoardViewFactory.swift */ = {isa = PBXFileReference; fileEncoding = 4; lastKnownFileType = sourcecode.swift; path = DrawBoardViewFactory.swift; sourceTree = "<group>"; };
		AC3A89822136C677001ADDDE /* DrawBoardViewController.swift */ = {isa = PBXFileReference; fileEncoding = 4; lastKnownFileType = sourcecode.swift; path = DrawBoardViewController.swift; sourceTree = "<group>"; };
		AC3A89832136C677001ADDDE /* DrawBoardViewController.xib */ = {isa = PBXFileReference; fileEncoding = 4; lastKnownFileType = file.xib; path = DrawBoardViewController.xib; sourceTree = "<group>"; };
		AC3A89852136C677001ADDDE /* DrawBoardViewPresenter.swift */ = {isa = PBXFileReference; fileEncoding = 4; lastKnownFileType = sourcecode.swift; path = DrawBoardViewPresenter.swift; sourceTree = "<group>"; };
		AC5338DE2135211200D874C0 /* NetworkServer.swift */ = {isa = PBXFileReference; fileEncoding = 4; lastKnownFileType = sourcecode.swift; path = NetworkServer.swift; sourceTree = "<group>"; };
		AC5338DF2135211200D874C0 /* NetworkClient.swift */ = {isa = PBXFileReference; fileEncoding = 4; lastKnownFileType = sourcecode.swift; path = NetworkClient.swift; sourceTree = "<group>"; };
		AC5338E02135211200D874C0 /* NetworkConfig.swift */ = {isa = PBXFileReference; fileEncoding = 4; lastKnownFileType = sourcecode.swift; path = NetworkConfig.swift; sourceTree = "<group>"; };
		AC5338E421352F9D00D874C0 /* User.swift */ = {isa = PBXFileReference; fileEncoding = 4; lastKnownFileType = sourcecode.swift; path = User.swift; sourceTree = "<group>"; };
		AC5338E82135A95000D874C0 /* SettingsViewModel.swift */ = {isa = PBXFileReference; fileEncoding = 4; lastKnownFileType = sourcecode.swift; path = SettingsViewModel.swift; sourceTree = "<group>"; };
		AC5338EA2135A95000D874C0 /* SettingsViewFactory.swift */ = {isa = PBXFileReference; fileEncoding = 4; lastKnownFileType = sourcecode.swift; path = SettingsViewFactory.swift; sourceTree = "<group>"; };
		AC5338EC2135A95000D874C0 /* SettingsViewController.swift */ = {isa = PBXFileReference; fileEncoding = 4; lastKnownFileType = sourcecode.swift; path = SettingsViewController.swift; sourceTree = "<group>"; };
		AC5338ED2135A95000D874C0 /* SettingsViewController.xib */ = {isa = PBXFileReference; fileEncoding = 4; lastKnownFileType = file.xib; path = SettingsViewController.xib; sourceTree = "<group>"; };
		AC5338EF2135A95000D874C0 /* SettingsDetailsViewPresenter.swift */ = {isa = PBXFileReference; fileEncoding = 4; lastKnownFileType = sourcecode.swift; path = SettingsDetailsViewPresenter.swift; sourceTree = "<group>"; };
		AC5338F52135AB6300D874C0 /* Settings.swift */ = {isa = PBXFileReference; lastKnownFileType = sourcecode.swift; path = Settings.swift; sourceTree = "<group>"; };
		AC5338F92136B24400D874C0 /* UIViewControllerExtension.swift */ = {isa = PBXFileReference; fileEncoding = 4; lastKnownFileType = sourcecode.swift; path = UIViewControllerExtension.swift; sourceTree = "<group>"; };
		AC5338FA2136B24400D874C0 /* UIView.swift */ = {isa = PBXFileReference; fileEncoding = 4; lastKnownFileType = sourcecode.swift; path = UIView.swift; sourceTree = "<group>"; };
		AC5338FD2136B2A600D874C0 /* ScribblableView.swift */ = {isa = PBXFileReference; fileEncoding = 4; lastKnownFileType = sourcecode.swift; path = ScribblableView.swift; sourceTree = "<group>"; };
		AC5338FF2136B97400D874C0 /* Network.framework */ = {isa = PBXFileReference; lastKnownFileType = wrapper.framework; name = Network.framework; path = System/Library/Frameworks/Network.framework; sourceTree = SDKROOT; };
		AC7284F4213AAA070079EDA6 /* DrawBoardInteractor.swift */ = {isa = PBXFileReference; lastKnownFileType = sourcecode.swift; path = DrawBoardInteractor.swift; sourceTree = "<group>"; };
		ACCFB6C42134113C00C54430 /* NetworkDrawing4VEngine.app */ = {isa = PBXFileReference; explicitFileType = wrapper.application; includeInIndex = 0; path = NetworkDrawing4VEngine.app; sourceTree = BUILT_PRODUCTS_DIR; };
		ACCFB6C72134113C00C54430 /* AppDelegate.swift */ = {isa = PBXFileReference; lastKnownFileType = sourcecode.swift; path = AppDelegate.swift; sourceTree = "<group>"; };
		ACCFB6CC2134113D00C54430 /* Base */ = {isa = PBXFileReference; lastKnownFileType = file.storyboard; name = Base; path = Base.lproj/Main.storyboard; sourceTree = "<group>"; };
		ACCFB6CE2134113E00C54430 /* Assets.xcassets */ = {isa = PBXFileReference; lastKnownFileType = folder.assetcatalog; path = Assets.xcassets; sourceTree = "<group>"; };
		ACCFB6D12134113E00C54430 /* Base */ = {isa = PBXFileReference; lastKnownFileType = file.storyboard; name = Base; path = Base.lproj/LaunchScreen.storyboard; sourceTree = "<group>"; };
		ACCFB6D32134113E00C54430 /* Info.plist */ = {isa = PBXFileReference; lastKnownFileType = text.plist.xml; path = Info.plist; sourceTree = "<group>"; };
		ACCFB6D82134113E00C54430 /* NetworkDrawing4VEngineTests.xctest */ = {isa = PBXFileReference; explicitFileType = wrapper.cfbundle; includeInIndex = 0; path = NetworkDrawing4VEngineTests.xctest; sourceTree = BUILT_PRODUCTS_DIR; };
		ACCFB6DC2134113E00C54430 /* NetworkDrawing4VEngineTests.swift */ = {isa = PBXFileReference; lastKnownFileType = sourcecode.swift; path = NetworkDrawing4VEngineTests.swift; sourceTree = "<group>"; };
		ACCFB6DE2134113E00C54430 /* Info.plist */ = {isa = PBXFileReference; lastKnownFileType = text.plist.xml; path = Info.plist; sourceTree = "<group>"; };
		ACCFB6E721343B4B00C54430 /* DrawingRouter.swift */ = {isa = PBXFileReference; fileEncoding = 4; lastKnownFileType = sourcecode.swift; path = DrawingRouter.swift; sourceTree = "<group>"; };
		ACCFB7142134486A00C54430 /* Router.swift */ = {isa = PBXFileReference; fileEncoding = 4; lastKnownFileType = sourcecode.swift; name = Router.swift; path = NetworkDrawing4VEngine/UI/BaseProtocols/Router.swift; sourceTree = SOURCE_ROOT; };
		ACCFB7152134486A00C54430 /* ViewPresenter.swift */ = {isa = PBXFileReference; fileEncoding = 4; lastKnownFileType = sourcecode.swift; name = ViewPresenter.swift; path = NetworkDrawing4VEngine/UI/BaseProtocols/ViewPresenter.swift; sourceTree = SOURCE_ROOT; };
		CB256B1CD18100B983DFBEAD /* Pods-NetworkDrawing4VEngine.debug.xcconfig */ = {isa = PBXFileReference; includeInIndex = 1; lastKnownFileType = text.xcconfig; name = "Pods-NetworkDrawing4VEngine.debug.xcconfig"; path = "Pods/Target Support Files/Pods-NetworkDrawing4VEngine/Pods-NetworkDrawing4VEngine.debug.xcconfig"; sourceTree = "<group>"; };
		DC982224DCDDDF0E351E3998 /* Pods-NetworkDrawing4VEngineTests.debug.xcconfig */ = {isa = PBXFileReference; includeInIndex = 1; lastKnownFileType = text.xcconfig; name = "Pods-NetworkDrawing4VEngineTests.debug.xcconfig"; path = "Pods/Target Support Files/Pods-NetworkDrawing4VEngineTests/Pods-NetworkDrawing4VEngineTests.debug.xcconfig"; sourceTree = "<group>"; };
		FBBBFB66D8E1DA8FDC965626 /* Pods_NetworkDrawing4VEngineTests.framework */ = {isa = PBXFileReference; explicitFileType = wrapper.framework; includeInIndex = 0; path = Pods_NetworkDrawing4VEngineTests.framework; sourceTree = BUILT_PRODUCTS_DIR; };
/* End PBXFileReference section */

/* Begin PBXFrameworksBuildPhase section */
		ACCFB6C12134113C00C54430 /* Frameworks */ = {
			isa = PBXFrameworksBuildPhase;
			buildActionMask = 2147483647;
			files = (
				AC5339002136B97400D874C0 /* Network.framework in Frameworks */,
				2FDE4363244AFF223F003FD9 /* Pods_NetworkDrawing4VEngine.framework in Frameworks */,
			);
			runOnlyForDeploymentPostprocessing = 0;
		};
		ACCFB6D52134113E00C54430 /* Frameworks */ = {
			isa = PBXFrameworksBuildPhase;
			buildActionMask = 2147483647;
			files = (
				D2E59202CA30AFC62448B65E /* Pods_NetworkDrawing4VEngineTests.framework in Frameworks */,
			);
			runOnlyForDeploymentPostprocessing = 0;
		};
/* End PBXFrameworksBuildPhase section */

/* Begin PBXGroup section */
		6A755D22E3FB3BA9C0C87873 /* Pods */ = {
			isa = PBXGroup;
			children = (
				CB256B1CD18100B983DFBEAD /* Pods-NetworkDrawing4VEngine.debug.xcconfig */,
				5E7BDA9F19BEB66134CBBF5C /* Pods-NetworkDrawing4VEngine.release.xcconfig */,
				DC982224DCDDDF0E351E3998 /* Pods-NetworkDrawing4VEngineTests.debug.xcconfig */,
				76EAF53BE8758C176DEA3A4D /* Pods-NetworkDrawing4VEngineTests.release.xcconfig */,
			);
			name = Pods;
			sourceTree = "<group>";
		};
		AC3A897B2136C677001ADDDE /* DrawBoard */ = {
			isa = PBXGroup;
			children = (
				AC7284F3213A9F780079EDA6 /* Interactor */,
				AC3A897C2136C677001ADDDE /* ViewModel */,
				AC3A897F2136C677001ADDDE /* ViewFactory */,
				AC3A89812136C677001ADDDE /* View */,
				AC3A89842136C677001ADDDE /* ViewPresenter */,
			);
			path = DrawBoard;
			sourceTree = "<group>";
		};
		AC3A897C2136C677001ADDDE /* ViewModel */ = {
			isa = PBXGroup;
			children = (
				AC3A897D2136C677001ADDDE /* DrawBoardViewModel.swift */,
			);
			path = ViewModel;
			sourceTree = "<group>";
		};
		AC3A897F2136C677001ADDDE /* ViewFactory */ = {
			isa = PBXGroup;
			children = (
				AC3A89802136C677001ADDDE /* DrawBoardViewFactory.swift */,
			);
			path = ViewFactory;
			sourceTree = "<group>";
		};
		AC3A89812136C677001ADDDE /* View */ = {
			isa = PBXGroup;
			children = (
				AC3A89822136C677001ADDDE /* DrawBoardViewController.swift */,
				AC3A89832136C677001ADDDE /* DrawBoardViewController.xib */,
			);
			path = View;
			sourceTree = "<group>";
		};
		AC3A89842136C677001ADDDE /* ViewPresenter */ = {
			isa = PBXGroup;
			children = (
				AC3A89852136C677001ADDDE /* DrawBoardViewPresenter.swift */,
			);
			path = ViewPresenter;
			sourceTree = "<group>";
		};
		AC5338E62135A95000D874C0 /* Settings */ = {
			isa = PBXGroup;
			children = (
				AC5338E72135A95000D874C0 /* ViewModel */,
				AC5338E92135A95000D874C0 /* ViewFactory */,
				AC5338EB2135A95000D874C0 /* View */,
				AC5338EE2135A95000D874C0 /* ViewPresenter */,
			);
			path = Settings;
			sourceTree = "<group>";
		};
		AC5338E72135A95000D874C0 /* ViewModel */ = {
			isa = PBXGroup;
			children = (
				AC5338E82135A95000D874C0 /* SettingsViewModel.swift */,
			);
			path = ViewModel;
			sourceTree = "<group>";
		};
		AC5338E92135A95000D874C0 /* ViewFactory */ = {
			isa = PBXGroup;
			children = (
				AC5338EA2135A95000D874C0 /* SettingsViewFactory.swift */,
			);
			path = ViewFactory;
			sourceTree = "<group>";
		};
		AC5338EB2135A95000D874C0 /* View */ = {
			isa = PBXGroup;
			children = (
				AC5338EC2135A95000D874C0 /* SettingsViewController.swift */,
				AC5338ED2135A95000D874C0 /* SettingsViewController.xib */,
			);
			path = View;
			sourceTree = "<group>";
		};
		AC5338EE2135A95000D874C0 /* ViewPresenter */ = {
			isa = PBXGroup;
			children = (
				AC5338EF2135A95000D874C0 /* SettingsDetailsViewPresenter.swift */,
			);
			path = ViewPresenter;
			sourceTree = "<group>";
		};
		AC5338F82136B18800D874C0 /* UIDrawingKit */ = {
			isa = PBXGroup;
			children = (
				AC3A897E2136C677001ADDDE /* ViewController.swift */,
				AC5338FD2136B2A600D874C0 /* ScribblableView.swift */,
			);
			path = UIDrawingKit;
			sourceTree = "<group>";
		};
		AC7284F3213A9F780079EDA6 /* Interactor */ = {
			isa = PBXGroup;
			children = (
				AC7284F4213AAA070079EDA6 /* DrawBoardInteractor.swift */,
			);
			path = Interactor;
			sourceTree = "<group>";
		};
		ACCFB6BB2134113C00C54430 = {
			isa = PBXGroup;
			children = (
				ACCFB6C62134113C00C54430 /* NetworkDrawing4VEngine */,
				ACCFB6DB2134113E00C54430 /* NetworkDrawing4VEngineTests */,
				ACCFB6C52134113C00C54430 /* Products */,
				6A755D22E3FB3BA9C0C87873 /* Pods */,
				B56398034C4C51052EF8E014 /* Frameworks */,
			);
			sourceTree = "<group>";
		};
		ACCFB6C52134113C00C54430 /* Products */ = {
			isa = PBXGroup;
			children = (
				ACCFB6C42134113C00C54430 /* NetworkDrawing4VEngine.app */,
				ACCFB6D82134113E00C54430 /* NetworkDrawing4VEngineTests.xctest */,
			);
			name = Products;
			sourceTree = "<group>";
		};
		ACCFB6C62134113C00C54430 /* NetworkDrawing4VEngine */ = {
			isa = PBXGroup;
			children = (
				AC5338F82136B18800D874C0 /* UIDrawingKit */,
				ACCFB71121343B9400C54430 /* CoreLayer */,
				ACCFB71021343B5000C54430 /* UI */,
				ACCFB6C72134113C00C54430 /* AppDelegate.swift */,
				ACCFB6CB2134113D00C54430 /* Main.storyboard */,
				ACCFB6CE2134113E00C54430 /* Assets.xcassets */,
				ACCFB6D02134113E00C54430 /* LaunchScreen.storyboard */,
				ACCFB6D32134113E00C54430 /* Info.plist */,
			);
			path = NetworkDrawing4VEngine;
			sourceTree = "<group>";
		};
		ACCFB6DB2134113E00C54430 /* NetworkDrawing4VEngineTests */ = {
			isa = PBXGroup;
			children = (
				ACCFB6DC2134113E00C54430 /* NetworkDrawing4VEngineTests.swift */,
				ACCFB6DE2134113E00C54430 /* Info.plist */,
			);
			path = NetworkDrawing4VEngineTests;
			sourceTree = "<group>";
		};
		ACCFB71021343B5000C54430 /* UI */ = {
			isa = PBXGroup;
			children = (
				AC3A897B2136C677001ADDDE /* DrawBoard */,
				AC5338E62135A95000D874C0 /* Settings */,
				ACCFB6E721343B4B00C54430 /* DrawingRouter.swift */,
			);
			path = UI;
			sourceTree = "<group>";
		};
		ACCFB71121343B9400C54430 /* CoreLayer */ = {
			isa = PBXGroup;
			children = (
				ACE0FE2D2175BF8700D36164 /* Converters */,
				ACCFB71B2134545500C54430 /* Models */,
				ACCFB71821344AE200C54430 /* Networking */,
				ACCFB7132134484B00C54430 /* Extensions */,
				ACCFB7122134442900C54430 /* BaseProtocols */,
			);
			path = CoreLayer;
			sourceTree = "<group>";
		};
		ACCFB7122134442900C54430 /* BaseProtocols */ = {
			isa = PBXGroup;
			children = (
				ACCFB7142134486A00C54430 /* Router.swift */,
				ACCFB7152134486A00C54430 /* ViewPresenter.swift */,
			);
			path = BaseProtocols;
			sourceTree = "<group>";
		};
		ACCFB7132134484B00C54430 /* Extensions */ = {
			isa = PBXGroup;
			children = (
				AC5338FA2136B24400D874C0 /* UIView.swift */,
				AC5338F92136B24400D874C0 /* UIViewControllerExtension.swift */,
			);
			path = Extensions;
			sourceTree = "<group>";
		};
		ACCFB71821344AE200C54430 /* Networking */ = {
			isa = PBXGroup;
			children = (
				AC5338DF2135211200D874C0 /* NetworkClient.swift */,
				AC5338DE2135211200D874C0 /* NetworkServer.swift */,
				AC5338E02135211200D874C0 /* NetworkConfig.swift */,
			);
			path = Networking;
			sourceTree = "<group>";
		};
		ACCFB71B2134545500C54430 /* Models */ = {
			isa = PBXGroup;
			children = (
				AC5338E421352F9D00D874C0 /* User.swift */,
				AC5338F52135AB6300D874C0 /* Settings.swift */,
			);
			path = Models;
			sourceTree = "<group>";
		};
		ACE0FE2D2175BF8700D36164 /* Converters */ = {
			isa = PBXGroup;
			children = (
			);
			path = Converters;
			sourceTree = "<group>";
		};
		B56398034C4C51052EF8E014 /* Frameworks */ = {
			isa = PBXGroup;
			children = (
				AC5338FF2136B97400D874C0 /* Network.framework */,
				70BFA6312B7DD128EB6BE5AD /* Pods_NetworkDrawing4VEngine.framework */,
				FBBBFB66D8E1DA8FDC965626 /* Pods_NetworkDrawing4VEngineTests.framework */,
			);
			name = Frameworks;
			sourceTree = "<group>";
		};
/* End PBXGroup section */

/* Begin PBXNativeTarget section */
		ACCFB6C32134113C00C54430 /* NetworkDrawing4VEngine */ = {
			isa = PBXNativeTarget;
			buildConfigurationList = ACCFB6E12134113E00C54430 /* Build configuration list for PBXNativeTarget "NetworkDrawing4VEngine" */;
			buildPhases = (
				B83CD7A4292BF0B98A7B167F /* [CP] Check Pods Manifest.lock */,
				ACCFB6C02134113C00C54430 /* Sources */,
				ACCFB6C12134113C00C54430 /* Frameworks */,
				ACCFB6C22134113C00C54430 /* Resources */,
				9FE0E20447565E9F1F792F21 /* [CP] Embed Pods Frameworks */,
				3F8EA8D8D195CF0EF5A5B0C1 /* [CP] Copy Pods Resources */,
				AC91EAFA21C6B4FD000CBA9E /* ShellScript */,
			);
			buildRules = (
			);
			dependencies = (
			);
			name = NetworkDrawing4VEngine;
			productName = NetworkDrawing4VEngine;
			productReference = ACCFB6C42134113C00C54430 /* NetworkDrawing4VEngine.app */;
			productType = "com.apple.product-type.application";
		};
		ACCFB6D72134113E00C54430 /* NetworkDrawing4VEngineTests */ = {
			isa = PBXNativeTarget;
			buildConfigurationList = ACCFB6E42134113E00C54430 /* Build configuration list for PBXNativeTarget "NetworkDrawing4VEngineTests" */;
			buildPhases = (
				7B474D9D5B8196A3E3ACC799 /* [CP] Check Pods Manifest.lock */,
				ACCFB6D42134113E00C54430 /* Sources */,
				ACCFB6D52134113E00C54430 /* Frameworks */,
				ACCFB6D62134113E00C54430 /* Resources */,
				5F2542DF25F2FE9FF1A6F3E1 /* [CP] Embed Pods Frameworks */,
				CD6BB2051FEC303979F237FF /* [CP] Copy Pods Resources */,
			);
			buildRules = (
			);
			dependencies = (
				ACCFB6DA2134113E00C54430 /* PBXTargetDependency */,
			);
			name = NetworkDrawing4VEngineTests;
			productName = NetworkDrawing4VEngineTests;
			productReference = ACCFB6D82134113E00C54430 /* NetworkDrawing4VEngineTests.xctest */;
			productType = "com.apple.product-type.bundle.unit-test";
		};
/* End PBXNativeTarget section */

/* Begin PBXProject section */
		ACCFB6BC2134113C00C54430 /* Project object */ = {
			isa = PBXProject;
			attributes = {
				LastSwiftUpdateCheck = 1000;
				LastUpgradeCheck = 1000;
				ORGANIZATIONNAME = "FreeIPA Mobile";
				TargetAttributes = {
					ACCFB6C32134113C00C54430 = {
						CreatedOnToolsVersion = 10.0;
					};
					ACCFB6D72134113E00C54430 = {
						CreatedOnToolsVersion = 10.0;
						TestTargetID = ACCFB6C32134113C00C54430;
					};
				};
			};
			buildConfigurationList = ACCFB6BF2134113C00C54430 /* Build configuration list for PBXProject "NetworkDrawing4VEngine" */;
			compatibilityVersion = "Xcode 9.3";
			developmentRegion = en;
			hasScannedForEncodings = 0;
			knownRegions = (
				en,
				Base,
			);
			mainGroup = ACCFB6BB2134113C00C54430;
			productRefGroup = ACCFB6C52134113C00C54430 /* Products */;
			projectDirPath = "";
			projectRoot = "";
			targets = (
				ACCFB6C32134113C00C54430 /* NetworkDrawing4VEngine */,
				ACCFB6D72134113E00C54430 /* NetworkDrawing4VEngineTests */,
			);
		};
/* End PBXProject section */

/* Begin PBXResourcesBuildPhase section */
		ACCFB6C22134113C00C54430 /* Resources */ = {
			isa = PBXResourcesBuildPhase;
			buildActionMask = 2147483647;
			files = (
				AC3A898A2136C677001ADDDE /* DrawBoardViewController.xib in Resources */,
				ACCFB6D22134113E00C54430 /* LaunchScreen.storyboard in Resources */,
				ACCFB6CF2134113E00C54430 /* Assets.xcassets in Resources */,
				ACCFB6CD2134113D00C54430 /* Main.storyboard in Resources */,
				AC5338F32135A95100D874C0 /* SettingsViewController.xib in Resources */,
			);
			runOnlyForDeploymentPostprocessing = 0;
		};
		ACCFB6D62134113E00C54430 /* Resources */ = {
			isa = PBXResourcesBuildPhase;
			buildActionMask = 2147483647;
			files = (
			);
			runOnlyForDeploymentPostprocessing = 0;
		};
/* End PBXResourcesBuildPhase section */

/* Begin PBXShellScriptBuildPhase section */
		3F8EA8D8D195CF0EF5A5B0C1 /* [CP] Copy Pods Resources */ = {
			isa = PBXShellScriptBuildPhase;
			buildActionMask = 2147483647;
			files = (
			);
			inputPaths = (
			);
			name = "[CP] Copy Pods Resources";
			outputPaths = (
			);
			runOnlyForDeploymentPostprocessing = 0;
			shellPath = /bin/sh;
			shellScript = "\"${SRCROOT}/Pods/Target Support Files/Pods-NetworkDrawing4VEngine/Pods-NetworkDrawing4VEngine-resources.sh\"\n";
			showEnvVarsInLog = 0;
		};
		5F2542DF25F2FE9FF1A6F3E1 /* [CP] Embed Pods Frameworks */ = {
			isa = PBXShellScriptBuildPhase;
			buildActionMask = 2147483647;
			files = (
			);
			inputPaths = (
			);
			name = "[CP] Embed Pods Frameworks";
			outputPaths = (
			);
			runOnlyForDeploymentPostprocessing = 0;
			shellPath = /bin/sh;
			shellScript = "\"${SRCROOT}/Pods/Target Support Files/Pods-NetworkDrawing4VEngineTests/Pods-NetworkDrawing4VEngineTests-frameworks.sh\"\n";
			showEnvVarsInLog = 0;
		};
		7B474D9D5B8196A3E3ACC799 /* [CP] Check Pods Manifest.lock */ = {
			isa = PBXShellScriptBuildPhase;
			buildActionMask = 2147483647;
			files = (
			);
			inputPaths = (
				"${PODS_PODFILE_DIR_PATH}/Podfile.lock",
				"${PODS_ROOT}/Manifest.lock",
			);
			name = "[CP] Check Pods Manifest.lock";
			outputPaths = (
				"$(DERIVED_FILE_DIR)/Pods-NetworkDrawing4VEngineTests-checkManifestLockResult.txt",
			);
			runOnlyForDeploymentPostprocessing = 0;
			shellPath = /bin/sh;
			shellScript = "diff \"${PODS_PODFILE_DIR_PATH}/Podfile.lock\" \"${PODS_ROOT}/Manifest.lock\" > /dev/null\nif [ $? != 0 ] ; then\n    # print error to STDERR\n    echo \"error: The sandbox is not in sync with the Podfile.lock. Run 'pod install' or update your CocoaPods installation.\" >&2\n    exit 1\nfi\n# This output is used by Xcode 'outputs' to avoid re-running this script phase.\necho \"SUCCESS\" > \"${SCRIPT_OUTPUT_FILE_0}\"\n";
			showEnvVarsInLog = 0;
		};
		9FE0E20447565E9F1F792F21 /* [CP] Embed Pods Frameworks */ = {
			isa = PBXShellScriptBuildPhase;
			buildActionMask = 2147483647;
			files = (
			);
			inputPaths = (
				"${SRCROOT}/Pods/Target Support Files/Pods-NetworkDrawing4VEngine/Pods-NetworkDrawing4VEngine-frameworks.sh",
				"${BUILT_PRODUCTS_DIR}/ChromaColorPicker/ChromaColorPicker.framework",
			);
			name = "[CP] Embed Pods Frameworks";
			outputPaths = (
				"${TARGET_BUILD_DIR}/${FRAMEWORKS_FOLDER_PATH}/ChromaColorPicker.framework",
			);
			runOnlyForDeploymentPostprocessing = 0;
			shellPath = /bin/sh;
			shellScript = "\"${SRCROOT}/Pods/Target Support Files/Pods-NetworkDrawing4VEngine/Pods-NetworkDrawing4VEngine-frameworks.sh\"\n";
			showEnvVarsInLog = 0;
		};
		AC91EAFA21C6B4FD000CBA9E /* ShellScript */ = {
			isa = PBXShellScriptBuildPhase;
			buildActionMask = 2147483647;
			files = (
			);
			inputFileListPaths = (
			);
			inputPaths = (
			);
			outputFileListPaths = (
			);
			outputPaths = (
			);
			runOnlyForDeploymentPostprocessing = 0;
			shellPath = /bin/sh;
			shellScript = "
";
		};
		B83CD7A4292BF0B98A7B167F /* [CP] Check Pods Manifest.lock */ = {
			isa = PBXShellScriptBuildPhase;
			buildActionMask = 2147483647;
			files = (
			);
			inputPaths = (
				"${PODS_PODFILE_DIR_PATH}/Podfile.lock",
				"${PODS_ROOT}/Manifest.lock",
			);
			name = "[CP] Check Pods Manifest.lock";
			outputPaths = (
				"$(DERIVED_FILE_DIR)/Pods-NetworkDrawing4VEngine-checkManifestLockResult.txt",
			);
			runOnlyForDeploymentPostprocessing = 0;
			shellPath = /bin/sh;
			shellScript = "diff \"${PODS_PODFILE_DIR_PATH}/Podfile.lock\" \"${PODS_ROOT}/Manifest.lock\" > /dev/null\nif [ $? != 0 ] ; then\n    # print error to STDERR\n    echo \"error: The sandbox is not in sync with the Podfile.lock. Run 'pod install' or update your CocoaPods installation.\" >&2\n    exit 1\nfi\n# This output is used by Xcode 'outputs' to avoid re-running this script phase.\necho \"SUCCESS\" > \"${SCRIPT_OUTPUT_FILE_0}\"\n";
			showEnvVarsInLog = 0;
		};
		CD6BB2051FEC303979F237FF /* [CP] Copy Pods Resources */ = {
			isa = PBXShellScriptBuildPhase;
			buildActionMask = 2147483647;
			files = (
			);
			inputPaths = (
			);
			name = "[CP] Copy Pods Resources";
			outputPaths = (
			);
			runOnlyForDeploymentPostprocessing = 0;
			shellPath = /bin/sh;
			shellScript = "\"${SRCROOT}/Pods/Target Support Files/Pods-NetworkDrawing4VEngineTests/Pods-NetworkDrawing4VEngineTests-resources.sh\"\n";
			showEnvVarsInLog = 0;
		};
/* End PBXShellScriptBuildPhase section */

/* Begin PBXSourcesBuildPhase section */
		ACCFB6C02134113C00C54430 /* Sources */ = {
			isa = PBXSourcesBuildPhase;
			buildActionMask = 2147483647;
			files = (
				AC5338F12135A95000D874C0 /* SettingsViewFactory.swift in Sources */,
				ACCFB7172134486A00C54430 /* ViewPresenter.swift in Sources */,
				AC5338E22135211200D874C0 /* NetworkClient.swift in Sources */,
				AC7284F5213AAA070079EDA6 /* DrawBoardInteractor.swift in Sources */,
				AC5338FC2136B24400D874C0 /* UIView.swift in Sources */,
				AC5338FE2136B2A600D874C0 /* ScribblableView.swift in Sources */,
				AC5338F62135AB6300D874C0 /* Settings.swift in Sources */,
				AC5338E521352F9D00D874C0 /* User.swift in Sources */,
				ACCFB70121343B4B00C54430 /* DrawingRouter.swift in Sources */,
				AC3A89862136C677001ADDDE /* DrawBoardViewModel.swift in Sources */,
				ACCFB7162134486A00C54430 /* Router.swift in Sources */,
				AC3A89892136C677001ADDDE /* DrawBoardViewController.swift in Sources */,
				AC5338F22135A95000D874C0 /* SettingsViewController.swift in Sources */,
				AC5338F02135A95000D874C0 /* SettingsViewModel.swift in Sources */,
				AC3A89872136C677001ADDDE /* ViewController.swift in Sources */,
				AC5338E12135211200D874C0 /* NetworkServer.swift in Sources */,
				ACCFB6C82134113C00C54430 /* AppDelegate.swift in Sources */,
				AC5338F42135A95100D874C0 /* SettingsDetailsViewPresenter.swift in Sources */,
				AC3A898B2136C677001ADDDE /* DrawBoardViewPresenter.swift in Sources */,
				AC5338E32135211200D874C0 /* NetworkConfig.swift in Sources */,
				AC3A89882136C677001ADDDE /* DrawBoardViewFactory.swift in Sources */,
				AC5338FB2136B24400D874C0 /* UIViewControllerExtension.swift in Sources */,
			);
			runOnlyForDeploymentPostprocessing = 0;
		};
		ACCFB6D42134113E00C54430 /* Sources */ = {
			isa = PBXSourcesBuildPhase;
			buildActionMask = 2147483647;
			files = (
				ACCFB6DD2134113E00C54430 /* NetworkDrawing4VEngineTests.swift in Sources */,
			);
			runOnlyForDeploymentPostprocessing = 0;
		};
/* End PBXSourcesBuildPhase section */

/* Begin PBXTargetDependency section */
		ACCFB6DA2134113E00C54430 /* PBXTargetDependency */ = {
			isa = PBXTargetDependency;
			target = ACCFB6C32134113C00C54430 /* NetworkDrawing4VEngine */;
			targetProxy = ACCFB6D92134113E00C54430 /* PBXContainerItemProxy */;
		};
/* End PBXTargetDependency section */

/* Begin PBXVariantGroup section */
		ACCFB6CB2134113D00C54430 /* Main.storyboard */ = {
			isa = PBXVariantGroup;
			children = (
				ACCFB6CC2134113D00C54430 /* Base */,
			);
			name = Main.storyboard;
			sourceTree = "<group>";
		};
		ACCFB6D02134113E00C54430 /* LaunchScreen.storyboard */ = {
			isa = PBXVariantGroup;
			children = (
				ACCFB6D12134113E00C54430 /* Base */,
			);
			name = LaunchScreen.storyboard;
			sourceTree = "<group>";
		};
/* End PBXVariantGroup section */

/* Begin XCBuildConfiguration section */
		ACCFB6DF2134113E00C54430 /* Debug */ = {
			isa = XCBuildConfiguration;
			buildSettings = {
				ALWAYS_SEARCH_USER_PATHS = NO;
				CLANG_ANALYZER_NONNULL = YES;
				CLANG_ANALYZER_NUMBER_OBJECT_CONVERSION = YES_AGGRESSIVE;
				CLANG_CXX_LANGUAGE_STANDARD = "gnu++14";
				CLANG_CXX_LIBRARY = "libc++";
				CLANG_ENABLE_MODULES = YES;
				CLANG_ENABLE_OBJC_ARC = YES;
				CLANG_ENABLE_OBJC_WEAK = YES;
				CLANG_WARN_BLOCK_CAPTURE_AUTORELEASING = YES;
				CLANG_WARN_BOOL_CONVERSION = YES;
				CLANG_WARN_COMMA = YES;
				CLANG_WARN_CONSTANT_CONVERSION = YES;
				CLANG_WARN_DEPRECATED_OBJC_IMPLEMENTATIONS = YES;
				CLANG_WARN_DIRECT_OBJC_ISA_USAGE = YES_ERROR;
				CLANG_WARN_DOCUMENTATION_COMMENTS = YES;
				CLANG_WARN_EMPTY_BODY = YES;
				CLANG_WARN_ENUM_CONVERSION = YES;
				CLANG_WARN_INFINITE_RECURSION = YES;
				CLANG_WARN_INT_CONVERSION = YES;
				CLANG_WARN_NON_LITERAL_NULL_CONVERSION = YES;
				CLANG_WARN_OBJC_IMPLICIT_RETAIN_SELF = YES;
				CLANG_WARN_OBJC_LITERAL_CONVERSION = YES;
				CLANG_WARN_OBJC_ROOT_CLASS = YES_ERROR;
				CLANG_WARN_RANGE_LOOP_ANALYSIS = YES;
				CLANG_WARN_STRICT_PROTOTYPES = YES;
				CLANG_WARN_SUSPICIOUS_MOVE = YES;
				CLANG_WARN_UNGUARDED_AVAILABILITY = YES_AGGRESSIVE;
				CLANG_WARN_UNREACHABLE_CODE = YES;
				CLANG_WARN__DUPLICATE_METHOD_MATCH = YES;
				CODE_SIGN_IDENTITY = "iPhone Developer";
				COPY_PHASE_STRIP = NO;
				DEBUG_INFORMATION_FORMAT = dwarf;
				ENABLE_STRICT_OBJC_MSGSEND = YES;
				ENABLE_TESTABILITY = YES;
				GCC_C_LANGUAGE_STANDARD = gnu11;
				GCC_DYNAMIC_NO_PIC = NO;
				GCC_NO_COMMON_BLOCKS = YES;
				GCC_OPTIMIZATION_LEVEL = 0;
				GCC_PREPROCESSOR_DEFINITIONS = (
					"DEBUG=1",
					"$(inherited)",
				);
				GCC_WARN_64_TO_32_BIT_CONVERSION = YES;
				GCC_WARN_ABOUT_RETURN_TYPE = YES_ERROR;
				GCC_WARN_UNDECLARED_SELECTOR = YES;
				GCC_WARN_UNINITIALIZED_AUTOS = YES_AGGRESSIVE;
				GCC_WARN_UNUSED_FUNCTION = YES;
				GCC_WARN_UNUSED_VARIABLE = YES;
				IPHONEOS_DEPLOYMENT_TARGET = 12.0;
				MTL_ENABLE_DEBUG_INFO = INCLUDE_SOURCE;
				MTL_FAST_MATH = YES;
				ONLY_ACTIVE_ARCH = YES;
				SDKROOT = iphoneos;
				SWIFT_ACTIVE_COMPILATION_CONDITIONS = DEBUG;
				SWIFT_OPTIMIZATION_LEVEL = "-Onone";
			};
			name = Debug;
		};
		ACCFB6E02134113E00C54430 /* Release */ = {
			isa = XCBuildConfiguration;
			buildSettings = {
				ALWAYS_SEARCH_USER_PATHS = NO;
				CLANG_ANALYZER_NONNULL = YES;
				CLANG_ANALYZER_NUMBER_OBJECT_CONVERSION = YES_AGGRESSIVE;
				CLANG_CXX_LANGUAGE_STANDARD = "gnu++14";
				CLANG_CXX_LIBRARY = "libc++";
				CLANG_ENABLE_MODULES = YES;
				CLANG_ENABLE_OBJC_ARC = YES;
				CLANG_ENABLE_OBJC_WEAK = YES;
				CLANG_WARN_BLOCK_CAPTURE_AUTORELEASING = YES;
				CLANG_WARN_BOOL_CONVERSION = YES;
				CLANG_WARN_COMMA = YES;
				CLANG_WARN_CONSTANT_CONVERSION = YES;
				CLANG_WARN_DEPRECATED_OBJC_IMPLEMENTATIONS = YES;
				CLANG_WARN_DIRECT_OBJC_ISA_USAGE = YES_ERROR;
				CLANG_WARN_DOCUMENTATION_COMMENTS = YES;
				CLANG_WARN_EMPTY_BODY = YES;
				CLANG_WARN_ENUM_CONVERSION = YES;
				CLANG_WARN_INFINITE_RECURSION = YES;
				CLANG_WARN_INT_CONVERSION = YES;
				CLANG_WARN_NON_LITERAL_NULL_CONVERSION = YES;
				CLANG_WARN_OBJC_IMPLICIT_RETAIN_SELF = YES;
				CLANG_WARN_OBJC_LITERAL_CONVERSION = YES;
				CLANG_WARN_OBJC_ROOT_CLASS = YES_ERROR;
				CLANG_WARN_RANGE_LOOP_ANALYSIS = YES;
				CLANG_WARN_STRICT_PROTOTYPES = YES;
				CLANG_WARN_SUSPICIOUS_MOVE = YES;
				CLANG_WARN_UNGUARDED_AVAILABILITY = YES_AGGRESSIVE;
				CLANG_WARN_UNREACHABLE_CODE = YES;
				CLANG_WARN__DUPLICATE_METHOD_MATCH = YES;
				CODE_SIGN_IDENTITY = "iPhone Developer";
				COPY_PHASE_STRIP = NO;
				DEBUG_INFORMATION_FORMAT = "dwarf-with-dsym";
				ENABLE_NS_ASSERTIONS = NO;
				ENABLE_STRICT_OBJC_MSGSEND = YES;
				GCC_C_LANGUAGE_STANDARD = gnu11;
				GCC_NO_COMMON_BLOCKS = YES;
				GCC_WARN_64_TO_32_BIT_CONVERSION = YES;
				GCC_WARN_ABOUT_RETURN_TYPE = YES_ERROR;
				GCC_WARN_UNDECLARED_SELECTOR = YES;
				GCC_WARN_UNINITIALIZED_AUTOS = YES_AGGRESSIVE;
				GCC_WARN_UNUSED_FUNCTION = YES;
				GCC_WARN_UNUSED_VARIABLE = YES;
				IPHONEOS_DEPLOYMENT_TARGET = 12.0;
				MTL_ENABLE_DEBUG_INFO = NO;
				MTL_FAST_MATH = YES;
				SDKROOT = iphoneos;
				SWIFT_COMPILATION_MODE = wholemodule;
				SWIFT_OPTIMIZATION_LEVEL = "-O";
				VALIDATE_PRODUCT = YES;
			};
			name = Release;
		};
		ACCFB6E22134113E00C54430 /* Debug */ = {
			isa = XCBuildConfiguration;
			baseConfigurationReference = CB256B1CD18100B983DFBEAD /* Pods-NetworkDrawing4VEngine.debug.xcconfig */;
			buildSettings = {
				ASSETCATALOG_COMPILER_APPICON_NAME = AppIcon;
				CODE_SIGN_STYLE = Automatic;
				DEVELOPMENT_TEAM = E53J7FJ2ED;
				INFOPLIST_FILE = NetworkDrawing4VEngine/Info.plist;
				LD_RUNPATH_SEARCH_PATHS = (
					"$(inherited)",
					"@executable_path/Frameworks",
				);
				PRODUCT_BUNDLE_IDENTIFIER = org.ipa.mobile.NetworkDrawing4VEngine;
				PRODUCT_NAME = "$(TARGET_NAME)";
				SWIFT_VERSION = 4.2;
				TARGETED_DEVICE_FAMILY = "1,2";
			};
			name = Debug;
		};
		ACCFB6E32134113E00C54430 /* Release */ = {
			isa = XCBuildConfiguration;
			baseConfigurationReference = 5E7BDA9F19BEB66134CBBF5C /* Pods-NetworkDrawing4VEngine.release.xcconfig */;
			buildSettings = {
				ASSETCATALOG_COMPILER_APPICON_NAME = AppIcon;
				CODE_SIGN_STYLE = Automatic;
				DEVELOPMENT_TEAM = E53J7FJ2ED;
				INFOPLIST_FILE = NetworkDrawing4VEngine/Info.plist;
				LD_RUNPATH_SEARCH_PATHS = (
					"$(inherited)",
					"@executable_path/Frameworks",
				);
				PRODUCT_BUNDLE_IDENTIFIER = org.ipa.mobile.NetworkDrawing4VEngine;
				PRODUCT_NAME = "$(TARGET_NAME)";
				SWIFT_VERSION = 4.2;
				TARGETED_DEVICE_FAMILY = "1,2";
			};
			name = Release;
		};
		ACCFB6E52134113E00C54430 /* Debug */ = {
			isa = XCBuildConfiguration;
			baseConfigurationReference = DC982224DCDDDF0E351E3998 /* Pods-NetworkDrawing4VEngineTests.debug.xcconfig */;
			buildSettings = {
				ALWAYS_EMBED_SWIFT_STANDARD_LIBRARIES = YES;
				BUNDLE_LOADER = "$(TEST_HOST)";
				CODE_SIGN_STYLE = Automatic;
				DEVELOPMENT_TEAM = E53J7FJ2ED;
				INFOPLIST_FILE = NetworkDrawing4VEngineTests/Info.plist;
				LD_RUNPATH_SEARCH_PATHS = (
					"$(inherited)",
					"@executable_path/Frameworks",
					"@loader_path/Frameworks",
				);
				PRODUCT_BUNDLE_IDENTIFIER = org.ipa.mobile.NetworkDrawing4VEngineTests;
				PRODUCT_NAME = "$(TARGET_NAME)";
				SWIFT_VERSION = 4.2;
				TARGETED_DEVICE_FAMILY = "1,2";
				TEST_HOST = "$(BUILT_PRODUCTS_DIR)/NetworkDrawing4VEngine.app/NetworkDrawing4VEngine";
			};
			name = Debug;
		};
		ACCFB6E62134113E00C54430 /* Release */ = {
			isa = XCBuildConfiguration;
			baseConfigurationReference = 76EAF53BE8758C176DEA3A4D /* Pods-NetworkDrawing4VEngineTests.release.xcconfig */;
			buildSettings = {
				ALWAYS_EMBED_SWIFT_STANDARD_LIBRARIES = YES;
				BUNDLE_LOADER = "$(TEST_HOST)";
				CODE_SIGN_STYLE = Automatic;
				DEVELOPMENT_TEAM = E53J7FJ2ED;
				INFOPLIST_FILE = NetworkDrawing4VEngineTests/Info.plist;
				LD_RUNPATH_SEARCH_PATHS = (
					"$(inherited)",
					"@executable_path/Frameworks",
					"@loader_path/Frameworks",
				);
				PRODUCT_BUNDLE_IDENTIFIER = org.ipa.mobile.NetworkDrawing4VEngineTests;
				PRODUCT_NAME = "$(TARGET_NAME)";
				SWIFT_VERSION = 4.2;
				TARGETED_DEVICE_FAMILY = "1,2";
				TEST_HOST = "$(BUILT_PRODUCTS_DIR)/NetworkDrawing4VEngine.app/NetworkDrawing4VEngine";
			};
			name = Release;
		};
/* End XCBuildConfiguration section */

/* Begin XCConfigurationList section */
		ACCFB6BF2134113C00C54430 /* Build configuration list for PBXProject "NetworkDrawing4VEngine" */ = {
			isa = XCConfigurationList;
			buildConfigurations = (
				ACCFB6DF2134113E00C54430 /* Debug */,
				ACCFB6E02134113E00C54430 /* Release */,
			);
			defaultConfigurationIsVisible = 0;
			defaultConfigurationName = Release;
		};
		ACCFB6E12134113E00C54430 /* Build configuration list for PBXNativeTarget "NetworkDrawing4VEngine" */ = {
			isa = XCConfigurationList;
			buildConfigurations = (
				ACCFB6E22134113E00C54430 /* Debug */,
				ACCFB6E32134113E00C54430 /* Release */,
			);
			defaultConfigurationIsVisible = 0;
			defaultConfigurationName = Release;
		};
		ACCFB6E42134113E00C54430 /* Build configuration list for PBXNativeTarget "NetworkDrawing4VEngineTests" */ = {
			isa = XCConfigurationList;
			buildConfigurations = (
				ACCFB6E52134113E00C54430 /* Debug */,
				ACCFB6E62134113E00C54430 /* Release */,
			);
			defaultConfigurationIsVisible = 0;
			defaultConfigurationName = Release;
		};
/* End XCConfigurationList section */
	};
	rootObject = ACCFB6BC2134113C00C54430 /* Project object */;
}
